
Microsoft Visual Studio Solution File, Format Version 12.00
# Visual Studio 2012
Project("{FAE04EC0-301F-11D3-BF4B-00C04F79EFBC}") = "PlansUniversal", "PlansUniversal\PlansUniversal.csproj", "{F607F1EF-F3D5-4B06-B623-FE1AC4FE61A9}"
EndProject
Global
	GlobalSection(SolutionConfigurationPlatforms) = preSolution
		Debug|iPhoneSimulator = Debug|iPhoneSimulator
		Release|iPhone = Release|iPhone
		Release|iPhoneSimulator = Release|iPhoneSimulator
		Debug|iPhone = Debug|iPhone
	EndGlobalSection
	GlobalSection(ProjectConfigurationPlatforms) = postSolution
		{F607F1EF-F3D5-4B06-B623-FE1AC4FE61A9}.Debug|iPhoneSimulator.ActiveCfg = Debug|iPhoneSimulator
		{F607F1EF-F3D5-4B06-B623-FE1AC4FE61A9}.Debug|iPhoneSimulator.Build.0 = Debug|iPhoneSimulator
		{F607F1EF-F3D5-4B06-B623-FE1AC4FE61A9}.Release|iPhone.ActiveCfg = Release|iPhone
		{F607F1EF-F3D5-4B06-B623-FE1AC4FE61A9}.Release|iPhone.Build.0 = Release|iPhone
		{F607F1EF-F3D5-4B06-B623-FE1AC4FE61A9}.Release|iPhoneSimulator.ActiveCfg = Release|iPhoneSimulator
		{F607F1EF-F3D5-4B06-B623-FE1AC4FE61A9}.Release|iPhoneSimulator.Build.0 = Release|iPhoneSimulator
		{F607F1EF-F3D5-4B06-B623-FE1AC4FE61A9}.Debug|iPhone.ActiveCfg = Debug|iPhone
		{F607F1EF-F3D5-4B06-B623-FE1AC4FE61A9}.Debug|iPhone.Build.0 = Debug|iPhone
	EndGlobalSection
EndGlobal
